
Microsoft Visual Studio Solution File, Format Version 12.00
# Visual Studio Version 17
VisualStudioVersion = 17.0.31903.59
MinimumVisualStudioVersion = 10.0.40219.1
Project("{FAE04EC0-301F-11D3-BF4B-00C04F79EFBC}") = "GeePasswordGenerator.WPF", "GeePasswordGenerator.WPF\GeePasswordGenerator.WPF.csproj", "{C3C6F9A9-4537-49F8-85C7-5B0110B62E25}"
EndProject
Project("{FAE04EC0-301F-11D3-BF4B-00C04F79EFBC}") = "GeePasswordGenerator.Console", "GeePasswordGenerator.Console\GeePasswordGenerator.Console.csproj", "{860C07F9-3140-4C5E-9E80-15C65FE3A90C}"
EndProject
Global
	GlobalSection(SolutionConfigurationPlatforms) = preSolution
		Debug|Any CPU = Debug|Any CPU
		Release|Any CPU = Release|Any CPU
	EndGlobalSection
	GlobalSection(ProjectConfigurationPlatforms) = postSolution
		{C3C6F9A9-4537-49F8-85C7-5B0110B62E25}.Debug|Any CPU.ActiveCfg = Debug|Any CPU
		{C3C6F9A9-4537-49F8-85C7-5B0110B62E25}.Debug|Any CPU.Build.0 = Debug|Any CPU
		{C3C6F9A9-4537-49F8-85C7-5B0110B62E25}.Release|Any CPU.ActiveCfg = Release|Any CPU
		{C3C6F9A9-4537-49F8-85C7-5B0110B62E25}.Release|Any CPU.Build.0 = Release|Any CPU
		{860C07F9-3140-4C5E-9E80-15C65FE3A90C}.Debug|Any CPU.ActiveCfg = Debug|Any CPU
		{860C07F9-3140-4C5E-9E80-15C65FE3A90C}.Debug|Any CPU.Build.0 = Debug|Any CPU
		{860C07F9-3140-4C5E-9E80-15C65FE3A90C}.Release|Any CPU.ActiveCfg = Release|Any CPU
		{860C07F9-3140-4C5E-9E80-15C65FE3A90C}.Release|Any CPU.Build.0 = Release|Any CPU
	EndGlobalSection
	GlobalSection(SolutionProperties) = preSolution
		HideSolutionNode = FALSE
	EndGlobalSection
	GlobalSection(ExtensibilityGlobals) = postSolution
		SolutionGuid = {2C003426-037B-411A-81D2-A3E2F8E65579}
	EndGlobalSection
EndGlobal
